
Microsoft Visual Studio Solution File, Format Version 12.00
# Visual Studio Version 17
VisualStudioVersion = 17.0.31825.309
MinimumVisualStudioVersion = 10.0.40219.1
Project("{FAE04EC0-301F-11D3-BF4B-00C04F79EFBC}") = "SignalRChat", "SignalRChat.csproj", "{F1169C5A-AA3E-4E3B-B18E-B2997F20545F}"
EndProject
Global
	GlobalSection(SolutionConfigurationPlatforms) = preSolution
		Debug|Any CPU = Debug|Any CPU
		Release|Any CPU = Release|Any CPU
	EndGlobalSection
	GlobalSection(ProjectConfigurationPlatforms) = postSolution
		{F1169C5A-AA3E-4E3B-B18E-B2997F20545F}.Debug|Any CPU.ActiveCfg = Debug|Any CPU
		{F1169C5A-AA3E-4E3B-B18E-B2997F20545F}.Debug|Any CPU.Build.0 = Debug|Any CPU
		{F1169C5A-AA3E-4E3B-B18E-B2997F20545F}.Release|Any CPU.ActiveCfg = Release|Any CPU
		{F1169C5A-AA3E-4E3B-B18E-B2997F20545F}.Release|Any CPU.Build.0 = Release|Any CPU
	EndGlobalSection
	GlobalSection(SolutionProperties) = preSolution
		HideSolutionNode = FALSE
	EndGlobalSection
	GlobalSection(ExtensibilityGlobals) = postSolution
		SolutionGuid = {6DA73FD2-3DD4-434A-A8E8-FAC75091BBC5}
	EndGlobalSection
EndGlobal
